
Microsoft Visual Studio Solution File, Format Version 12.00
Project("{2150E333-8FDC-42A3-9474-1A3956D46DE8}") = "src", "src", "{827E0CD3-B72D-47B6-A68D-7590B98EB39B}"
EndProject
Project("{FAE04EC0-301F-11D3-BF4B-00C04F79EFBC}") = "CodingAgent.Core", "src\CodingAgent.Core\CodingAgent.Core.csproj", "{CEFAFB00-A68A-41D7-9116-6ADD0607C9E6}"
EndProject
Project("{FAE04EC0-301F-11D3-BF4B-00C04F79EFBC}") = "CodingAgent.Api", "src\CodingAgent.Api\CodingAgent.Api.csproj", "{9AFCDE25-E582-4CEF-ABE3-378D3D4B6337}"
EndProject
Project("{FAE04EC0-301F-11D3-BF4B-00C04F79EFBC}") = "CodingAgent.Terminal", "src\CodingAgent.Terminal\CodingAgent.Terminal.csproj", "{1C443032-E797-4BB4-A74D-AA6287AAE383}"
EndProject
Global
	GlobalSection(SolutionConfigurationPlatforms) = preSolution
		Debug|Any CPU = Debug|Any CPU
		Debug|x64 = Debug|x64
		Debug|x86 = Debug|x86
		Release|Any CPU = Release|Any CPU
		Release|x64 = Release|x64
		Release|x86 = Release|x86
	EndGlobalSection
	GlobalSection(ProjectConfigurationPlatforms) = postSolution
		{CEFAFB00-A68A-41D7-9116-6ADD0607C9E6}.Debug|Any CPU.ActiveCfg = Debug|Any CPU
		{CEFAFB00-A68A-41D7-9116-6ADD0607C9E6}.Debug|Any CPU.Build.0 = Debug|Any CPU
		{CEFAFB00-A68A-41D7-9116-6ADD0607C9E6}.Debug|x64.ActiveCfg = Debug|Any CPU
		{CEFAFB00-A68A-41D7-9116-6ADD0607C9E6}.Debug|x64.Build.0 = Debug|Any CPU
		{CEFAFB00-A68A-41D7-9116-6ADD0607C9E6}.Debug|x86.ActiveCfg = Debug|Any CPU
		{CEFAFB00-A68A-41D7-9116-6ADD0607C9E6}.Debug|x86.Build.0 = Debug|Any CPU
		{CEFAFB00-A68A-41D7-9116-6ADD0607C9E6}.Release|Any CPU.ActiveCfg = Release|Any CPU
		{CEFAFB00-A68A-41D7-9116-6ADD0607C9E6}.Release|Any CPU.Build.0 = Release|Any CPU
		{CEFAFB00-A68A-41D7-9116-6ADD0607C9E6}.Release|x64.ActiveCfg = Release|Any CPU
		{CEFAFB00-A68A-41D7-9116-6ADD0607C9E6}.Release|x64.Build.0 = Release|Any CPU
		{CEFAFB00-A68A-41D7-9116-6ADD0607C9E6}.Release|x86.ActiveCfg = Release|Any CPU
		{CEFAFB00-A68A-41D7-9116-6ADD0607C9E6}.Release|x86.Build.0 = Release|Any CPU
		{9AFCDE25-E582-4CEF-ABE3-378D3D4B6337}.Debug|Any CPU.ActiveCfg = Debug|Any CPU
		{9AFCDE25-E582-4CEF-ABE3-378D3D4B6337}.Debug|Any CPU.Build.0 = Debug|Any CPU
		{9AFCDE25-E582-4CEF-ABE3-378D3D4B6337}.Debug|x64.ActiveCfg = Debug|Any CPU
		{9AFCDE25-E582-4CEF-ABE3-378D3D4B6337}.Debug|x64.Build.0 = Debug|Any CPU
		{9AFCDE25-E582-4CEF-ABE3-378D3D4B6337}.Debug|x86.ActiveCfg = Debug|Any CPU
		{9AFCDE25-E582-4CEF-ABE3-378D3D4B6337}.Debug|x86.Build.0 = Debug|Any CPU
		{9AFCDE25-E582-4CEF-ABE3-378D3D4B6337}.Release|Any CPU.ActiveCfg = Release|Any CPU
		{9AFCDE25-E582-4CEF-ABE3-378D3D4B6337}.Release|Any CPU.Build.0 = Release|Any CPU
		{9AFCDE25-E582-4CEF-ABE3-378D3D4B6337}.Release|x64.ActiveCfg = Release|Any CPU
		{9AFCDE25-E582-4CEF-ABE3-378D3D4B6337}.Release|x64.Build.0 = Release|Any CPU
		{9AFCDE25-E582-4CEF-ABE3-378D3D4B6337}.Release|x86.ActiveCfg = Release|Any CPU
		{9AFCDE25-E582-4CEF-ABE3-378D3D4B6337}.Release|x86.Build.0 = Release|Any CPU
		{1C443032-E797-4BB4-A74D-AA6287AAE383}.Debug|Any CPU.ActiveCfg = Debug|Any CPU
		{1C443032-E797-4BB4-A74D-AA6287AAE383}.Debug|Any CPU.Build.0 = Debug|Any CPU
		{1C443032-E797-4BB4-A74D-AA6287AAE383}.Debug|x64.ActiveCfg = Debug|Any CPU
		{1C443032-E797-4BB4-A74D-AA6287AAE383}.Debug|x64.Build.0 = Debug|Any CPU
		{1C443032-E797-4BB4-A74D-AA6287AAE383}.Debug|x86.ActiveCfg = Debug|Any CPU
		{1C443032-E797-4BB4-A74D-AA6287AAE383}.Debug|x86.Build.0 = Debug|Any CPU
		{1C443032-E797-4BB4-A74D-AA6287AAE383}.Release|Any CPU.ActiveCfg = Release|Any CPU
		{1C443032-E797-4BB4-A74D-AA6287AAE383}.Release|Any CPU.Build.0 = Release|Any CPU
		{1C443032-E797-4BB4-A74D-AA6287AAE383}.Release|x64.ActiveCfg = Release|Any CPU
		{1C443032-E797-4BB4-A74D-AA6287AAE383}.Release|x64.Build.0 = Release|Any CPU
		{1C443032-E797-4BB4-A74D-AA6287AAE383}.Release|x86.ActiveCfg = Release|Any CPU
		{1C443032-E797-4BB4-A74D-AA6287AAE383}.Release|x86.Build.0 = Release|Any CPU
	EndGlobalSection
	GlobalSection(SolutionProperties) = preSolution
		HideSolutionNode = FALSE
	EndGlobalSection
	GlobalSection(NestedProjects) = preSolution
		{CEFAFB00-A68A-41D7-9116-6ADD0607C9E6} = {827E0CD3-B72D-47B6-A68D-7590B98EB39B}
		{9AFCDE25-E582-4CEF-ABE3-378D3D4B6337} = {827E0CD3-B72D-47B6-A68D-7590B98EB39B}
		{1C443032-E797-4BB4-A74D-AA6287AAE383} = {827E0CD3-B72D-47B6-A68D-7590B98EB39B}
	EndGlobalSection
EndGlobal
