
Microsoft Visual Studio Solution File, Format Version 12.00
# Visual Studio Version 17
VisualStudioVersion = 17.0.31903.59
MinimumVisualStudioVersion = 10.0.40219.1
Project("{2150E333-8FDC-42A3-9474-1A3956D46DE8}") = "src", "src", "{827E0CD3-B72D-47B6-A68D-7590B98EB39B}"
EndProject
Project("{FAE04EC0-301F-11D3-BF4B-00C04F79EFBC}") = "MicroMind.Core", "src\MicroMind.Core\MicroMind.Core.csproj", "{B3886B05-E70C-4093-848E-8084F874D760}"
EndProject
Project("{FAE04EC0-301F-11D3-BF4B-00C04F79EFBC}") = "MicroMind.Infrastructure", "src\MicroMind.Infrastructure\MicroMind.Infrastructure.csproj", "{06E8D563-D6B1-4C5E-AE3B-3FE77CC3F781}"
EndProject
Project("{FAE04EC0-301F-11D3-BF4B-00C04F79EFBC}") = "MicroMind.Runtime.LLamaSharp", "src\MicroMind.Runtime.LLamaSharp\MicroMind.Runtime.LLamaSharp.csproj", "{EEB1D820-5D8C-4C6B-8A5F-330E110D4A79}"
EndProject
Project("{FAE04EC0-301F-11D3-BF4B-00C04F79EFBC}") = "MicroMind.Integration.AgentFramework", "src\MicroMind.Integration.AgentFramework\MicroMind.Integration.AgentFramework.csproj", "{AAD75193-05B5-4002-9FCA-5068AB98DF17}"
EndProject
Project("{2150E333-8FDC-42A3-9474-1A3956D46DE8}") = "tests", "tests", "{0AB3BF05-4346-4AA6-1389-037BE0695223}"
EndProject
Project("{2150E333-8FDC-42A3-9474-1A3956D46DE8}") = "samples", "samples", "{5D20AA90-6969-D8BD-9DCD-8634F4692FDA}"
EndProject
Project("{FAE04EC0-301F-11D3-BF4B-00C04F79EFBC}") = "ConsoleApp.AgentFramework", "samples\ConsoleApp.AgentFramework\ConsoleApp.AgentFramework.csproj", "{D7ADC62E-4F71-48F8-B233-EE5D2B740D10}"
EndProject
Project("{FAE04EC0-301F-11D3-BF4B-00C04F79EFBC}") = "MicroMind.Core.Tests", "tests\MicroMind.Core.Tests\MicroMind.Core.Tests.csproj", "{6241B79C-3832-4F79-985A-42CA69C91A3A}"
EndProject
Project("{FAE04EC0-301F-11D3-BF4B-00C04F79EFBC}") = "MicroMind.Infrastructure.Tests", "tests\MicroMind.Infrastructure.Tests\MicroMind.Infrastructure.Tests.csproj", "{F4F8140F-6D1F-4F6A-9F87-AE9D2BC8044D}"
EndProject
Project("{FAE04EC0-301F-11D3-BF4B-00C04F79EFBC}") = "MicroMind.Runtime.Tests", "tests\MicroMind.Runtime.Tests\MicroMind.Runtime.Tests.csproj", "{7F216046-6D1D-43D6-9A3F-A7FB8FC75E2A}"
EndProject
Project("{FAE04EC0-301F-11D3-BF4B-00C04F79EFBC}") = "MicroMind.Integration.Tests", "tests\MicroMind.Integration.Tests\MicroMind.Integration.Tests.csproj", "{9328E593-1C75-47CC-857A-57384D37450A}"
EndProject
Global
	GlobalSection(SolutionConfigurationPlatforms) = preSolution
		Debug|Any CPU = Debug|Any CPU
		Debug|x64 = Debug|x64
		Debug|x86 = Debug|x86
		Release|Any CPU = Release|Any CPU
		Release|x64 = Release|x64
		Release|x86 = Release|x86
	EndGlobalSection
	GlobalSection(ProjectConfigurationPlatforms) = postSolution
		{B3886B05-E70C-4093-848E-8084F874D760}.Debug|Any CPU.ActiveCfg = Debug|Any CPU
		{B3886B05-E70C-4093-848E-8084F874D760}.Debug|Any CPU.Build.0 = Debug|Any CPU
		{B3886B05-E70C-4093-848E-8084F874D760}.Debug|x64.ActiveCfg = Debug|Any CPU
		{B3886B05-E70C-4093-848E-8084F874D760}.Debug|x64.Build.0 = Debug|Any CPU
		{B3886B05-E70C-4093-848E-8084F874D760}.Debug|x86.ActiveCfg = Debug|Any CPU
		{B3886B05-E70C-4093-848E-8084F874D760}.Debug|x86.Build.0 = Debug|Any CPU
		{B3886B05-E70C-4093-848E-8084F874D760}.Release|Any CPU.ActiveCfg = Release|Any CPU
		{B3886B05-E70C-4093-848E-8084F874D760}.Release|Any CPU.Build.0 = Release|Any CPU
		{B3886B05-E70C-4093-848E-8084F874D760}.Release|x64.ActiveCfg = Release|Any CPU
		{B3886B05-E70C-4093-848E-8084F874D760}.Release|x64.Build.0 = Release|Any CPU
		{B3886B05-E70C-4093-848E-8084F874D760}.Release|x86.ActiveCfg = Release|Any CPU
		{B3886B05-E70C-4093-848E-8084F874D760}.Release|x86.Build.0 = Release|Any CPU
		{06E8D563-D6B1-4C5E-AE3B-3FE77CC3F781}.Debug|Any CPU.ActiveCfg = Debug|Any CPU
		{06E8D563-D6B1-4C5E-AE3B-3FE77CC3F781}.Debug|Any CPU.Build.0 = Debug|Any CPU
		{06E8D563-D6B1-4C5E-AE3B-3FE77CC3F781}.Debug|x64.ActiveCfg = Debug|Any CPU
		{06E8D563-D6B1-4C5E-AE3B-3FE77CC3F781}.Debug|x64.Build.0 = Debug|Any CPU
		{06E8D563-D6B1-4C5E-AE3B-3FE77CC3F781}.Debug|x86.ActiveCfg = Debug|Any CPU
		{06E8D563-D6B1-4C5E-AE3B-3FE77CC3F781}.Debug|x86.Build.0 = Debug|Any CPU
		{06E8D563-D6B1-4C5E-AE3B-3FE77CC3F781}.Release|Any CPU.ActiveCfg = Release|Any CPU
		{06E8D563-D6B1-4C5E-AE3B-3FE77CC3F781}.Release|Any CPU.Build.0 = Release|Any CPU
		{06E8D563-D6B1-4C5E-AE3B-3FE77CC3F781}.Release|x64.ActiveCfg = Release|Any CPU
		{06E8D563-D6B1-4C5E-AE3B-3FE77CC3F781}.Release|x64.Build.0 = Release|Any CPU
		{06E8D563-D6B1-4C5E-AE3B-3FE77CC3F781}.Release|x86.ActiveCfg = Release|Any CPU
		{06E8D563-D6B1-4C5E-AE3B-3FE77CC3F781}.Release|x86.Build.0 = Release|Any CPU
		{EEB1D820-5D8C-4C6B-8A5F-330E110D4A79}.Debug|Any CPU.ActiveCfg = Debug|Any CPU
		{EEB1D820-5D8C-4C6B-8A5F-330E110D4A79}.Debug|Any CPU.Build.0 = Debug|Any CPU
		{EEB1D820-5D8C-4C6B-8A5F-330E110D4A79}.Debug|x64.ActiveCfg = Debug|Any CPU
		{EEB1D820-5D8C-4C6B-8A5F-330E110D4A79}.Debug|x64.Build.0 = Debug|Any CPU
		{EEB1D820-5D8C-4C6B-8A5F-330E110D4A79}.Debug|x86.ActiveCfg = Debug|Any CPU
		{EEB1D820-5D8C-4C6B-8A5F-330E110D4A79}.Debug|x86.Build.0 = Debug|Any CPU
		{EEB1D820-5D8C-4C6B-8A5F-330E110D4A79}.Release|Any CPU.ActiveCfg = Release|Any CPU
		{EEB1D820-5D8C-4C6B-8A5F-330E110D4A79}.Release|Any CPU.Build.0 = Release|Any CPU
		{EEB1D820-5D8C-4C6B-8A5F-330E110D4A79}.Release|x64.ActiveCfg = Release|Any CPU
		{EEB1D820-5D8C-4C6B-8A5F-330E110D4A79}.Release|x64.Build.0 = Release|Any CPU
		{EEB1D820-5D8C-4C6B-8A5F-330E110D4A79}.Release|x86.ActiveCfg = Release|Any CPU
		{EEB1D820-5D8C-4C6B-8A5F-330E110D4A79}.Release|x86.Build.0 = Release|Any CPU
		{AAD75193-05B5-4002-9FCA-5068AB98DF17}.Debug|Any CPU.ActiveCfg = Debug|Any CPU
		{AAD75193-05B5-4002-9FCA-5068AB98DF17}.Debug|Any CPU.Build.0 = Debug|Any CPU
		{AAD75193-05B5-4002-9FCA-5068AB98DF17}.Debug|x64.ActiveCfg = Debug|Any CPU
		{AAD75193-05B5-4002-9FCA-5068AB98DF17}.Debug|x64.Build.0 = Debug|Any CPU
		{AAD75193-05B5-4002-9FCA-5068AB98DF17}.Debug|x86.ActiveCfg = Debug|Any CPU
		{AAD75193-05B5-4002-9FCA-5068AB98DF17}.Debug|x86.Build.0 = Debug|Any CPU
		{AAD75193-05B5-4002-9FCA-5068AB98DF17}.Release|Any CPU.ActiveCfg = Release|Any CPU
		{AAD75193-05B5-4002-9FCA-5068AB98DF17}.Release|Any CPU.Build.0 = Release|Any CPU
		{AAD75193-05B5-4002-9FCA-5068AB98DF17}.Release|x64.ActiveCfg = Release|Any CPU
		{AAD75193-05B5-4002-9FCA-5068AB98DF17}.Release|x64.Build.0 = Release|Any CPU
		{AAD75193-05B5-4002-9FCA-5068AB98DF17}.Release|x86.ActiveCfg = Release|Any CPU
		{AAD75193-05B5-4002-9FCA-5068AB98DF17}.Release|x86.Build.0 = Release|Any CPU
		{D7ADC62E-4F71-48F8-B233-EE5D2B740D10}.Debug|Any CPU.ActiveCfg = Debug|Any CPU
		{D7ADC62E-4F71-48F8-B233-EE5D2B740D10}.Debug|Any CPU.Build.0 = Debug|Any CPU
		{D7ADC62E-4F71-48F8-B233-EE5D2B740D10}.Debug|x64.ActiveCfg = Debug|Any CPU
		{D7ADC62E-4F71-48F8-B233-EE5D2B740D10}.Debug|x64.Build.0 = Debug|Any CPU
		{D7ADC62E-4F71-48F8-B233-EE5D2B740D10}.Debug|x86.ActiveCfg = Debug|Any CPU
		{D7ADC62E-4F71-48F8-B233-EE5D2B740D10}.Debug|x86.Build.0 = Debug|Any CPU
		{D7ADC62E-4F71-48F8-B233-EE5D2B740D10}.Release|Any CPU.ActiveCfg = Release|Any CPU
		{D7ADC62E-4F71-48F8-B233-EE5D2B740D10}.Release|Any CPU.Build.0 = Release|Any CPU
		{D7ADC62E-4F71-48F8-B233-EE5D2B740D10}.Release|x64.ActiveCfg = Release|Any CPU
		{D7ADC62E-4F71-48F8-B233-EE5D2B740D10}.Release|x64.Build.0 = Release|Any CPU
		{D7ADC62E-4F71-48F8-B233-EE5D2B740D10}.Release|x86.ActiveCfg = Release|Any CPU
		{D7ADC62E-4F71-48F8-B233-EE5D2B740D10}.Release|x86.Build.0 = Release|Any CPU
		{6241B79C-3832-4F79-985A-42CA69C91A3A}.Debug|Any CPU.ActiveCfg = Debug|Any CPU
		{6241B79C-3832-4F79-985A-42CA69C91A3A}.Debug|Any CPU.Build.0 = Debug|Any CPU
		{6241B79C-3832-4F79-985A-42CA69C91A3A}.Debug|x64.ActiveCfg = Debug|Any CPU
		{6241B79C-3832-4F79-985A-42CA69C91A3A}.Debug|x64.Build.0 = Debug|Any CPU
		{6241B79C-3832-4F79-985A-42CA69C91A3A}.Debug|x86.ActiveCfg = Debug|Any CPU
		{6241B79C-3832-4F79-985A-42CA69C91A3A}.Debug|x86.Build.0 = Debug|Any CPU
		{6241B79C-3832-4F79-985A-42CA69C91A3A}.Release|Any CPU.ActiveCfg = Release|Any CPU
		{6241B79C-3832-4F79-985A-42CA69C91A3A}.Release|Any CPU.Build.0 = Release|Any CPU
		{6241B79C-3832-4F79-985A-42CA69C91A3A}.Release|x64.ActiveCfg = Release|Any CPU
		{6241B79C-3832-4F79-985A-42CA69C91A3A}.Release|x64.Build.0 = Release|Any CPU
		{6241B79C-3832-4F79-985A-42CA69C91A3A}.Release|x86.ActiveCfg = Release|Any CPU
		{6241B79C-3832-4F79-985A-42CA69C91A3A}.Release|x86.Build.0 = Release|Any CPU
		{F4F8140F-6D1F-4F6A-9F87-AE9D2BC8044D}.Debug|Any CPU.ActiveCfg = Debug|Any CPU
		{F4F8140F-6D1F-4F6A-9F87-AE9D2BC8044D}.Debug|Any CPU.Build.0 = Debug|Any CPU
		{F4F8140F-6D1F-4F6A-9F87-AE9D2BC8044D}.Debug|x64.ActiveCfg = Debug|Any CPU
		{F4F8140F-6D1F-4F6A-9F87-AE9D2BC8044D}.Debug|x64.Build.0 = Debug|Any CPU
		{F4F8140F-6D1F-4F6A-9F87-AE9D2BC8044D}.Debug|x86.ActiveCfg = Debug|Any CPU
		{F4F8140F-6D1F-4F6A-9F87-AE9D2BC8044D}.Debug|x86.Build.0 = Debug|Any CPU
		{F4F8140F-6D1F-4F6A-9F87-AE9D2BC8044D}.Release|Any CPU.ActiveCfg = Release|Any CPU
		{F4F8140F-6D1F-4F6A-9F87-AE9D2BC8044D}.Release|Any CPU.Build.0 = Release|Any CPU
		{F4F8140F-6D1F-4F6A-9F87-AE9D2BC8044D}.Release|x64.ActiveCfg = Release|Any CPU
		{F4F8140F-6D1F-4F6A-9F87-AE9D2BC8044D}.Release|x64.Build.0 = Release|Any CPU
		{F4F8140F-6D1F-4F6A-9F87-AE9D2BC8044D}.Release|x86.ActiveCfg = Release|Any CPU
		{F4F8140F-6D1F-4F6A-9F87-AE9D2BC8044D}.Release|x86.Build.0 = Release|Any CPU
		{7F216046-6D1D-43D6-9A3F-A7FB8FC75E2A}.Debug|Any CPU.ActiveCfg = Debug|Any CPU
		{7F216046-6D1D-43D6-9A3F-A7FB8FC75E2A}.Debug|Any CPU.Build.0 = Debug|Any CPU
		{7F216046-6D1D-43D6-9A3F-A7FB8FC75E2A}.Debug|x64.ActiveCfg = Debug|Any CPU
		{7F216046-6D1D-43D6-9A3F-A7FB8FC75E2A}.Debug|x64.Build.0 = Debug|Any CPU
		{7F216046-6D1D-43D6-9A3F-A7FB8FC75E2A}.Debug|x86.ActiveCfg = Debug|Any CPU
		{7F216046-6D1D-43D6-9A3F-A7FB8FC75E2A}.Debug|x86.Build.0 = Debug|Any CPU
		{7F216046-6D1D-43D6-9A3F-A7FB8FC75E2A}.Release|Any CPU.ActiveCfg = Release|Any CPU
		{7F216046-6D1D-43D6-9A3F-A7FB8FC75E2A}.Release|Any CPU.Build.0 = Release|Any CPU
		{7F216046-6D1D-43D6-9A3F-A7FB8FC75E2A}.Release|x64.ActiveCfg = Release|Any CPU
		{7F216046-6D1D-43D6-9A3F-A7FB8FC75E2A}.Release|x64.Build.0 = Release|Any CPU
		{7F216046-6D1D-43D6-9A3F-A7FB8FC75E2A}.Release|x86.ActiveCfg = Release|Any CPU
		{7F216046-6D1D-43D6-9A3F-A7FB8FC75E2A}.Release|x86.Build.0 = Release|Any CPU
		{9328E593-1C75-47CC-857A-57384D37450A}.Debug|Any CPU.ActiveCfg = Debug|Any CPU
		{9328E593-1C75-47CC-857A-57384D37450A}.Debug|Any CPU.Build.0 = Debug|Any CPU
		{9328E593-1C75-47CC-857A-57384D37450A}.Debug|x64.ActiveCfg = Debug|Any CPU
		{9328E593-1C75-47CC-857A-57384D37450A}.Debug|x64.Build.0 = Debug|Any CPU
		{9328E593-1C75-47CC-857A-57384D37450A}.Debug|x86.ActiveCfg = Debug|Any CPU
		{9328E593-1C75-47CC-857A-57384D37450A}.Debug|x86.Build.0 = Debug|Any CPU
		{9328E593-1C75-47CC-857A-57384D37450A}.Release|Any CPU.ActiveCfg = Release|Any CPU
		{9328E593-1C75-47CC-857A-57384D37450A}.Release|Any CPU.Build.0 = Release|Any CPU
		{9328E593-1C75-47CC-857A-57384D37450A}.Release|x64.ActiveCfg = Release|Any CPU
		{9328E593-1C75-47CC-857A-57384D37450A}.Release|x64.Build.0 = Release|Any CPU
		{9328E593-1C75-47CC-857A-57384D37450A}.Release|x86.ActiveCfg = Release|Any CPU
		{9328E593-1C75-47CC-857A-57384D37450A}.Release|x86.Build.0 = Release|Any CPU
	EndGlobalSection
	GlobalSection(SolutionProperties) = preSolution
		HideSolutionNode = FALSE
	EndGlobalSection
	GlobalSection(NestedProjects) = preSolution
		{B3886B05-E70C-4093-848E-8084F874D760} = {827E0CD3-B72D-47B6-A68D-7590B98EB39B}
		{06E8D563-D6B1-4C5E-AE3B-3FE77CC3F781} = {827E0CD3-B72D-47B6-A68D-7590B98EB39B}
		{EEB1D820-5D8C-4C6B-8A5F-330E110D4A79} = {827E0CD3-B72D-47B6-A68D-7590B98EB39B}
		{AAD75193-05B5-4002-9FCA-5068AB98DF17} = {827E0CD3-B72D-47B6-A68D-7590B98EB39B}
		{D7ADC62E-4F71-48F8-B233-EE5D2B740D10} = {5D20AA90-6969-D8BD-9DCD-8634F4692FDA}
		{6241B79C-3832-4F79-985A-42CA69C91A3A} = {0AB3BF05-4346-4AA6-1389-037BE0695223}
		{F4F8140F-6D1F-4F6A-9F87-AE9D2BC8044D} = {0AB3BF05-4346-4AA6-1389-037BE0695223}
		{7F216046-6D1D-43D6-9A3F-A7FB8FC75E2A} = {0AB3BF05-4346-4AA6-1389-037BE0695223}
		{9328E593-1C75-47CC-857A-57384D37450A} = {0AB3BF05-4346-4AA6-1389-037BE0695223}
	EndGlobalSection
EndGlobal
